
Microsoft Visual Studio Solution File, Format Version 12.00
# Visual Studio 2013
VisualStudioVersion = 12.0.31101.0
MinimumVisualStudioVersion = 10.0.40219.1
Project("{FAE04EC0-301F-11D3-BF4B-00C04F79EFBC}") = "Logic", "Logic\Logic.csproj", "{5AE8F5AD-9FAF-4214-9259-38A85F89B4BF}"
EndProject
Project("{2150E333-8FDC-42A3-9474-1A3956D46DE8}") = ".nuget", ".nuget", "{7927AEE2-2534-4C6B-B785-00E65A1CF370}"
	ProjectSection(SolutionItems) = preProject
		.nuget\NuGet.Config = .nuget\NuGet.Config
		.nuget\NuGet.exe = .nuget\NuGet.exe
		.nuget\NuGet.targets = .nuget\NuGet.targets
	EndProjectSection
EndProject
Project("{FAE04EC0-301F-11D3-BF4B-00C04F79EFBC}") = "Demo", "Demo\Demo.csproj", "{0C1CCCE2-40E4-4CD4-84CF-C619E84F2EEE}"
EndProject
Global
	GlobalSection(SolutionConfigurationPlatforms) = preSolution
		Debug|Any CPU = Debug|Any CPU
		Release|Any CPU = Release|Any CPU
	EndGlobalSection
	GlobalSection(ProjectConfigurationPlatforms) = postSolution
		{5AE8F5AD-9FAF-4214-9259-38A85F89B4BF}.Debug|Any CPU.ActiveCfg = Debug|Any CPU
		{5AE8F5AD-9FAF-4214-9259-38A85F89B4BF}.Debug|Any CPU.Build.0 = Debug|Any CPU
		{5AE8F5AD-9FAF-4214-9259-38A85F89B4BF}.Release|Any CPU.ActiveCfg = Release|Any CPU
		{5AE8F5AD-9FAF-4214-9259-38A85F89B4BF}.Release|Any CPU.Build.0 = Release|Any CPU
		{0C1CCCE2-40E4-4CD4-84CF-C619E84F2EEE}.Debug|Any CPU.ActiveCfg = Debug|Any CPU
		{0C1CCCE2-40E4-4CD4-84CF-C619E84F2EEE}.Debug|Any CPU.Build.0 = Debug|Any CPU
		{0C1CCCE2-40E4-4CD4-84CF-C619E84F2EEE}.Release|Any CPU.ActiveCfg = Release|Any CPU
		{0C1CCCE2-40E4-4CD4-84CF-C619E84F2EEE}.Release|Any CPU.Build.0 = Release|Any CPU
	EndGlobalSection
	GlobalSection(SolutionProperties) = preSolution
		HideSolutionNode = FALSE
	EndGlobalSection
EndGlobal
